version: 7
platforms:
- name: linux-64
  virtual-packages:
  - __unix=0=0
  - __linux=4.18
  - __glibc=2.28
  - __archspec=0=x86_64
environments:
  default:
    channels:
    - url: https://conda.anaconda.org/conda-forge/
    indexes:
    - https://pypi.org/simple
    packages:
      linux-64:
      - conda: https://conda.anaconda.org/conda-forge/linux-64/_openmp_mutex-4.5-20_gnu.conda
      - conda: https://conda.anaconda.org/conda-forge/linux-64/bzip2-1.0.8-hda65f42_10.conda
      - conda: https://conda.anaconda.org/conda-forge/linux-64/c-ares-1.34.8-h280c20c_1.conda
      - conda: https://conda.anaconda.org/conda-forge/linux-64/git-2.55.0-pl5321h5685339_1.conda
      - conda: https://conda.anaconda.org/conda-forge/linux-64/icu-78.3-py310h44b86e0_2.conda
      - conda: https://conda.anaconda.org/conda-forge/linux-64/keyutils-1.6.3-h7cc23a3_1.conda
      - conda: https://conda.anaconda.org/conda-forge/linux-64/krb5-1.22.2-hbc21106_2.conda
      - conda: https://conda.anaconda.org/conda-forge/linux-64/ld_impl_linux-64-2.46.1-default_hbd61a6d_102.conda
      - conda: https://conda.anaconda.org/conda-forge/linux-64/libcurl-8.21.0-heca4667_4.conda
      - conda: https://conda.anaconda.org/conda-forge/linux-64/libedit-3.1.20250104-pl5321h373387f_1.conda
      - conda: https://conda.anaconda.org/conda-forge/linux-64/libev-4.33-h280c20c_3.conda
      - conda: https://conda.anaconda.org/conda-forge/linux-64/libexpat-2.8.1-hecca717_1.conda
      - conda: https://conda.anaconda.org/conda-forge/linux-64/libffi-3.7.0-h3435931_0.conda
      - conda: https://conda.anaconda.org/conda-forge/linux-64/libgcc-16.1.0-ha9f2e26_1.conda
      - conda: https://conda.anaconda.org/conda-forge/linux-64/libgcc-ng-16.1.0-h69a702a_1.conda
      - conda: https://conda.anaconda.org/conda-forge/linux-64/libgomp-16.1.0-he0feb66_1.conda
      - conda: https://conda.anaconda.org/conda-forge/linux-64/libiconv-1.18-h0cb94f2_3.conda
      - conda: https://conda.anaconda.org/conda-forge/linux-64/liblzma-5.8.3-hb03c661_1.conda
      - conda: https://conda.anaconda.org/conda-forge/linux-64/libnghttp2-1.68.1-h877daf1_0.conda
      - conda: https://conda.anaconda.org/conda-forge/linux-64/libnsl-2.0.1-hb9d3cd8_1.conda
      - conda: https://conda.anaconda.org/conda-forge/linux-64/libpsl-0.23.1-hd9e3e90_1.conda
      - conda: https://conda.anaconda.org/conda-forge/linux-64/libsqlite-3.53.4-h13e7031_1.conda
      - conda: https://conda.anaconda.org/conda-forge/linux-64/libssh2-1.11.1-h6154650_1.conda
      - conda: https://conda.anaconda.org/conda-forge/linux-64/libstdcxx-16.1.0-h934c35e_1.conda
      - conda: https://conda.anaconda.org/conda-forge/linux-64/libuuid-2.42.2-h5347b49_0.conda
      - conda: https://conda.anaconda.org/conda-forge/linux-64/libxcrypt-4.4.38-h280c20c_0.conda
      - conda: https://conda.anaconda.org/conda-forge/linux-64/libzlib-1.3.2-h25fd6f3_3.conda
      - conda: https://conda.anaconda.org/conda-forge/linux-64/ncurses-6.6-hdb14827_1.conda
      - conda: https://conda.anaconda.org/conda-forge/linux-64/openssl-3.6.3-h35e630c_1.conda
      - conda: https://conda.anaconda.org/conda-forge/linux-64/pcre2-10.47-haa7fec5_0.conda
      - conda: https://conda.anaconda.org/conda-forge/linux-64/perl-5.32.1-7_hd590300_perl5.conda
      - conda: https://conda.anaconda.org/conda-forge/linux-64/python-3.11.15-h8ab3286_2_cpython.conda
      - conda: https://conda.anaconda.org/conda-forge/linux-64/readline-8.3-hd6e31c0_1.conda
      - conda: https://conda.anaconda.org/conda-forge/linux-64/tk-8.6.13-noxft_hd70dff1_3.conda
      - conda: https://conda.anaconda.org/conda-forge/linux-64/zstd-1.5.7-hb78ec9c_7.conda
      - conda: https://conda.anaconda.org/conda-forge/noarch/ca-certificates-2026.7.22-hbd8a1cb_0.conda
      - conda: https://conda.anaconda.org/conda-forge/noarch/tzdata-2026c-h151e31d_0.conda
      - pypi: https://files.pythonhosted.org/packages/04/4b/29cac41a4d98d144bf5f6d33995617b185d14b22401f75ca86f384e87ff1/h11-0.16.0-py3-none-any.whl
      - pypi: https://files.pythonhosted.org/packages/07/bc/587a445451b253b285629263eb51c2d8e9bcea4fc97826266d186f96f558/pyserial-3.5-py2.py3-none-any.whl
      - pypi: https://files.pythonhosted.org/packages/0b/a7/71ac2cff56fec219ed242bb11b8efb69fcc4bec75db06fb7bfe35de520e6/certifi-2026.7.22-py3-none-any.whl
      - pypi: https://files.pythonhosted.org/packages/0d/35/731ac04aa0a097fc1c97f0994c375bdb230c6c96619db794208fe664e9ce/charset_normalizer-3.5.1-cp311-cp311-manylinux2014_x86_64.manylinux_2_17_x86_64.manylinux_2_28_x86_64.whl
      - pypi: https://files.pythonhosted.org/packages/3d/d8/2083a1daa7439a66f3a48589a57d576aa117726762618f6bb09fe3798796/uvicorn-0.40.0-py3-none-any.whl
      - pypi: https://files.pythonhosted.org/packages/46/2a/f9697576603dae937727827505a6126a066affb227034e77e6f9068910da/pyelftools-0.33-py3-none-any.whl
      - pypi: https://files.pythonhosted.org/packages/49/d3/b8441a820a491ddfc024b0b0cf0393375b75ea13866d9c66727e54c2fc80/typing_extensions-4.16.0-py3-none-any.whl
      - pypi: https://files.pythonhosted.org/packages/57/b0/0e52c878c53f245edd3a11020f20979b3f490f245af532c7cae3027754b5/idna-3.19-py3-none-any.whl
      - pypi: https://files.pythonhosted.org/packages/63/34/ba1c580383c9eada3711951fef0795c80b829a078d72188184bcab9dd527/packaging-26.3-py3-none-any.whl
      - pypi: https://files.pythonhosted.org/packages/6a/23/8146aad7d88f4fcb3a6218f41a60f6c2d4e3a72de72da1825dc7c8f7877c/semantic_version-2.10.0-py2.py3-none-any.whl
      - pypi: https://files.pythonhosted.org/packages/7f/3e/5db95bcf282c52709639744ca2a8b149baccf648e39c8cc87553df9eae0c/urllib3-2.7.0-py3-none-any.whl
      - pypi: https://files.pythonhosted.org/packages/81/0d/13d1d239a25cbfb19e740db83143e95c772a1fe10202dda4b76792b114dd/starlette-0.52.1-py3-none-any.whl
      - pypi: https://files.pythonhosted.org/packages/83/f6/b55ec74cfe68c6584163faa311503c20b0da4c09883a41e8e00d6726c954/bottle-0.13.4-py2.py3-none-any.whl
      - pypi: https://files.pythonhosted.org/packages/99/55/db07de81b5c630da5cbf5c7df646580ca26dfaefa593667fc6f2fe016d2e/tabulate-0.10.0-py3-none-any.whl
      - pypi: https://files.pythonhosted.org/packages/a0/f4/c67b0b3f1b9245e8d266f0f112c500d50e5b4e83cb6f3b71b6528104182a/requests-2.34.2-py3-none-any.whl
      - pypi: https://files.pythonhosted.org/packages/a4/f5/10b68b7b1544245097b2a1b8238f66f2fc6dcaeb24ba5d917f52bd2eed4f/wsproto-1.3.2-py3-none-any.whl
      - pypi: https://files.pythonhosted.org/packages/ae/44/c1221527f6a71a01ec6fbad7fa78f1d50dfa02217385cf0fa3eec7087d59/click-8.3.3-py3-none-any.whl
      - pypi: https://files.pythonhosted.org/packages/be/2f/5108cb3ee4ba6501748c4908b908e55f42a5b66245b4cfe0c99326e1ef6e/marshmallow-3.26.2-py3-none-any.whl
      - pypi: https://files.pythonhosted.org/packages/cf/15/ecb78457241aef59977cafe52b521ed99c7f42e78016d55bbaa953a2b6ae/platformio-6.1.19-py3-none-any.whl
      - pypi: https://files.pythonhosted.org/packages/cf/6f/6abff7fe6813e6f94129a50c8c70bf70fb33ed2515b1037e703cef6d7a7e/ajsonrpc-1.2.0-py3-none-any.whl
      - pypi: https://files.pythonhosted.org/packages/d1/d6/3965ed04c63042e047cb6a3e6ed1a63a35087b6a609aa3a15ed8ac56c221/colorama-0.4.6-py2.py3-none-any.whl
      - pypi: https://files.pythonhosted.org/packages/da/35/f2287558c17e29fafc8ef3daf819bb9834061cfa43bff8014f7df7f63bdc/anyio-4.14.2-py3-none-any.whl
packages:
- conda: https://conda.anaconda.org/conda-forge/linux-64/_openmp_mutex-4.5-20_gnu.conda
  build_number: 20
  sha256: 1dd3fffd892081df9726d7eb7e0dea6198962ba775bd88842135a4ddb4deb3c9
  md5: a9f577daf3de00bca7c3c76c0ecbd1de
  depends:
  - __glibc >=2.17,<3.0.a0
  - libgomp >=7.5.0
  constrains:
  - openmp_impl <0.0a0
  license: BSD-3-Clause
  license_family: BSD
  purls: []
  run_exports:
    strong:
    - _openmp_mutex >=4.5
  size: 28948
  timestamp: 1770939786096
- conda: https://conda.anaconda.org/conda-forge/linux-64/bzip2-1.0.8-hda65f42_10.conda
  sha256: 1a0d382c515ebf55f8ee1f38c8b81bc95af5c2acc42ad53b66bc5df932032f96
  md5: e675fabcf81499adc7edf58124fb1e01
  depends:
  - __glibc >=2.17,<3.0.a0
  - libgcc >=14
  license: bzip2-1.0.6
  license_family: BSD
  purls: []
  run_exports:
    weak:
    - bzip2 >=1.0.8,<2.0a0
  size: 257808
  timestamp: 1785906269155
- conda: https://conda.anaconda.org/conda-forge/linux-64/c-ares-1.34.8-h280c20c_1.conda
  sha256: 5139b6afbfaca91c47104ba9a6a40f81211e1c9200e96b73ce3a56f0ca1902f4
  md5: 2cef891b791040aab83e218c7d137679
  depends:
  - __glibc >=2.17,<3.0.a0
  - libgcc >=14
  constrains:
  - c-ares-static <0a0
  license: MIT
  license_family: MIT
  purls: []
  run_exports:
    weak:
    - c-ares >=1.34.8,<2.0a0
  size: 226755
  timestamp: 1786116641939
- conda: https://conda.anaconda.org/conda-forge/linux-64/git-2.55.0-pl5321h5685339_1.conda
  sha256: ffe825e3ff78876dc5aa28eee791d8d9be4a47157761aa38dbff79e9222b3b8e
  md5: da325124b01b7b88e7374d160d02698b
  depends:
  - __glibc >=2.17,<3.0.a0
  - libcurl >=8.21.0,<9.0a0
  - libexpat >=2.8.1,<3.0a0
  - libgcc >=14
  - libiconv >=1.18,<2.0a0
  - libzlib >=1.3.2,<2.0a0
  - openssl >=3.5.7,<4.0a0
  - pcre2 >=10.47,<10.48.0a0
  - perl 5.*
  constrains:
  - __glibc >=2.17
  license: GPL-2.0-or-later and LGPL-2.1-or-later
  purls: []
  run_exports: {}
  size: 11598127
  timestamp: 1783981072661
- conda: https://conda.anaconda.org/conda-forge/linux-64/icu-78.3-py310h44b86e0_2.conda
  sha256: 9f07834f0c546ab14d885ce0366285f61f44e326c0edd1fc63b8294e113ae432
  md5: 72a381cbad04f24b1c2a43ef707f45b4
  depends:
  - __glibc >=2.17,<3.0.a0
  - libstdcxx >=14
  - libgcc >=14
  license: MIT
  license_family: MIT
  purls: []
  run_exports:
    weak:
    - icu >=78.3,<79.0a0
  size: 14459115
  timestamp: 1786545741408
- conda: https://conda.anaconda.org/conda-forge/linux-64/keyutils-1.6.3-h7cc23a3_1.conda
  sha256: dd053c96dcb0dcfd59422aefea9d2fe937a190167f34fba7893ec1e10a7e8963
  md5: ba55d1b89fd7775e67de8291029b4059
  depends:
  - __glibc >=2.17,<3.0.a0
  - libgcc >=15
  license: LGPL-2.1-or-later
  purls: []
  run_exports:
    weak:
    - keyutils >=1.6.3,<2.0a0
  size: 135295
  timestamp: 1786739238128
- conda: https://conda.anaconda.org/conda-forge/linux-64/krb5-1.22.2-hbc21106_2.conda
  sha256: 2a5c38c85e63df84c4e69ee71439841ce570d259ae3060627bb9a49a938d66f4
  md5: 53318d715316929a574f83591308b1f8
  depends:
  - __glibc >=2.17,<3.0.a0
  - keyutils >=1.6.3,<2.0a0
  - libedit >=3.1.20250104,<3.2.0a0
  - libedit >=3.1.20250104,<4.0a0
  - libgcc >=15
  - libstdcxx >=15
  - openssl >=3.5.7,<4.0a0
  license: MIT
  license_family: MIT
  purls: []
  run_exports:
    weak:
    - krb5 >=1.22.2,<1.23.0a0
  size: 1394333
  timestamp: 1786762112514
- conda: https://conda.anaconda.org/conda-forge/linux-64/ld_impl_linux-64-2.46.1-default_hbd61a6d_102.conda
  sha256: 27d83f1188cd19bcb7754a078b3fa7f4cfb8527f8eb2fde54dd01fc529d1adec
  md5: 449500f2c089da11c40f5c21312e3e07
  depends:
  - __glibc >=2.17,<3.0.a0
  - zstd >=1.5.7,<1.6.0a0
  constrains:
  - binutils_impl_linux-64 2.46.1
  license: GPL-3.0-only
  license_family: GPL
  purls: []
  run_exports: {}
  size: 745303
  timestamp: 1784214507189
- conda: https://conda.anaconda.org/conda-forge/linux-64/libcurl-8.21.0-heca4667_4.conda
  sha256: aff8ef75636d0825ce34911e0bef2f26816e7afd090a9dcb4b9bacab75cbf584
  md5: 3f2fd5617cfacac49c85f6dc63842ea1
  depends:
  - __glibc >=2.17,<3.0.a0
  - krb5 >=1.22.2,<1.23.0a0
  - libgcc >=14
  - libnghttp2 >=1.68.1,<2.0a0
  - libpsl >=0.23.0,<0.24.0a0
  - libssh2 >=1.11.1,<2.0a0
  - libzlib >=1.3.2,<2.0a0
  - openssl >=3.5.7,<4.0a0
  - zstd >=1.5.7,<1.6.0a0
  license: curl
  license_family: MIT
  purls: []
  run_exports:
    weak:
    - libcurl >=8.21.0,<9.0a0
  size: 480565
  timestamp: 1785500108494
- conda: https://conda.anaconda.org/conda-forge/linux-64/libedit-3.1.20250104-pl5321h373387f_1.conda
  sha256: 6473eb8caf2aae830f37caa93db9b26dddf7ac84b63229e8bf7fc0e5c3ab95b0
  md5: 50708d3b951d0f8e2d7f2df5b5edc040
  depends:
  - ncurses
  - libgcc >=14
  - __glibc >=2.17,<3.0.a0
  - ncurses >=6.6,<7.0a0
  license: BSD-2-Clause
  license_family: BSD
  purls: []
  run_exports:
    weak:
    - libedit >=3.1.20250104,<3.2.0a0
  size: 135098
  timestamp: 1786616658086
- conda: https://conda.anaconda.org/conda-forge/linux-64/libev-4.33-h280c20c_3.conda
  sha256: e4418f68d01a6307c4431b585c71b584f40189877364e542ee87deb777f5e85b
  md5: 7bc31538d6e3fb349e897353969237ec
  depends:
  - libgcc >=14
  - __glibc >=2.17,<3.0.a0
  license: BSD-2-Clause OR GPL-2.0-or-later
  license_family: GPL
  purls: []
  run_exports:
    weak:
    - libev >=4.33,<4.34.0a0
  size: 43220
  timestamp: 1785917328200
- conda: https://conda.anaconda.org/conda-forge/linux-64/libexpat-2.8.1-hecca717_1.conda
  sha256: 16feffd9ddbbe5b718515d38ee376c685ba95491cd901244e24671d20b952a77
  md5: b24d3c612f71e7aa74158d92106318b2
  depends:
  - __glibc >=2.17,<3.0.a0
  - libgcc >=14
  constrains:
  - expat 2.8.1.*
  license: MIT
  license_family: MIT
  purls: []
  run_exports: {}
  size: 77856
  timestamp: 1781203599810
- conda: https://conda.anaconda.org/conda-forge/linux-64/libffi-3.7.0-h3435931_0.conda
  sha256: ac38603008bf1e99b8ed379b1a656a67a70e2841f2b6a069c630cdf6316012d2
  md5: 0abe40a9880086ca4d2e5daf09dceff9
  depends:
  - __glibc >=2.17,<3.0.a0
  - libgcc >=14
  license: MIT
  license_family: MIT
  purls: []
  run_exports:
    weak:
    - libffi >=3.7.0,<3.8.0a0
  size: 67576
  timestamp: 1783520858222
- conda: https://conda.anaconda.org/conda-forge/linux-64/libgcc-16.1.0-ha9f2e26_1.conda
  sha256: d5cb8475131c31680f8fd30512c418f373064e272e452063276a8fb14c9fa42f
  md5: 5a7d954665c707c93311657cd779c705
  depends:
  - __glibc >=2.17,<3.0.a0
  - _openmp_mutex >=4.5
  constrains:
  - libgomp 16.1.0 he0feb66_1
  - libgcc-ng ==16.1.0=*_1
  license: GPL-3.0-only WITH GCC-exception-3.1
  license_family: GPL
  purls: []
  run_exports: {}
  size: 1057877
  timestamp: 1785375436766
- conda: https://conda.anaconda.org/conda-forge/linux-64/libgcc-ng-16.1.0-h69a702a_1.conda
  sha256: 225275c562337a1cd61705da0ee4235dde7bba7504de1c34b74c894adb2b0eee
  md5: 7ed870c014a6f23c7dfafda53d2763a9
  depends:
  - libgcc 16.1.0 ha9f2e26_1
  license: GPL-3.0-only WITH GCC-exception-3.1
  license_family: GPL
  purls: []
  run_exports:
    strong:
    - libgcc
  size: 28210
  timestamp: 1785375440733
- conda: https://conda.anaconda.org/conda-forge/linux-64/libgomp-16.1.0-he0feb66_1.conda
  sha256: 62cb599ad0539d99386515326d9d5e8f51f75a60c69c2131b21df76edf35bd89
  md5: 88f2d91cb1533194c323534253094d23
  depends:
  - __glibc >=2.17,<3.0.a0
  license: GPL-3.0-only WITH GCC-exception-3.1
  license_family: GPL
  purls: []
  run_exports:
    strong:
    - _openmp_mutex >=4.5
  size: 640415
  timestamp: 1785375373755
- conda: https://conda.anaconda.org/conda-forge/linux-64/libiconv-1.18-h0cb94f2_3.conda
  sha256: f943117edb9cd4d9c61cc972eee5a34291dc55ea7a6e9e38da104995841cbcb6
  md5: f92233bf33e24a25668bb2119e2c51f9
  depends:
  - __glibc >=2.17,<3.0.a0
  - libgcc >=15
  license: LGPL-2.1-only
  purls: []
  run_exports:
    weak:
    - libiconv >=1.18,<2.0a0
  size: 789471
  timestamp: 1787033836207
- conda: https://conda.anaconda.org/conda-forge/linux-64/liblzma-5.8.3-hb03c661_1.conda
  sha256: 9787df8c22a59c9a70d3e5a10db9ad663485e75e9ccc3f09bd092cb7b95e0dab
  md5: 1390b7c5ac0b1d8e447bc5efa6d3c8c2
  depends:
  - __glibc >=2.17,<3.0.a0
  - libgcc >=14
  constrains:
  - xz 5.8.3.*
  license: 0BSD
  purls: []
  run_exports:
    weak:
    - liblzma >=5.8.3,<6.0a0
  size: 112995
  timestamp: 1786348617826
- conda: https://conda.anaconda.org/conda-forge/linux-64/libnghttp2-1.68.1-h877daf1_0.conda
  sha256: 663444d77a42f2265f54fb8b48c5450bfff4388d9c0f8253dd7855f0d993153f
  md5: 2a45e7f8af083626f009645a6481f12d
  depends:
  - __glibc >=2.17,<3.0.a0
  - c-ares >=1.34.6,<2.0a0
  - libev >=4.33,<4.34.0a0
  - libev >=4.33,<5.0a0
  - libgcc >=14
  - libstdcxx >=14
  - libzlib >=1.3.1,<2.0a0
  - openssl >=3.5.5,<4.0a0
  license: MIT
  license_family: MIT
  purls: []
  run_exports:
    weak:
    - libnghttp2 >=1.68.1,<2.0a0
  size: 663344
  timestamp: 1773854035739
- conda: https://conda.anaconda.org/conda-forge/linux-64/libnsl-2.0.1-hb9d3cd8_1.conda
  sha256: 927fe72b054277cde6cb82597d0fcf6baf127dcbce2e0a9d8925a68f1265eef5
  md5: d864d34357c3b65a4b731f78c0801dc4
  depends:
  - __glibc >=2.17,<3.0.a0
  - libgcc >=13
  license: LGPL-2.1-only
  license_family: GPL
  purls: []
  run_exports:
    weak:
    - libnsl >=2.0.1,<2.1.0a0
  size: 33731
  timestamp: 1750274110928
- conda: https://conda.anaconda.org/conda-forge/linux-64/libpsl-0.23.1-hd9e3e90_1.conda
  sha256: 09e8effdc89bc5d021349318d32b85594f5b8d8e3ab8f90a85b81f8fe695a566
  md5: 77be60417aa572afcb48cbe0f967401d
  depends:
  - libstdcxx >=15
  - libgcc >=15
  - __glibc >=2.17,<3.0.a0
  - icu >=78.3,<79.0a0
  license: MIT
  license_family: MIT
  purls: []
  run_exports:
    weak:
    - libpsl >=0.23.1,<0.24.0a0
  size: 72519
  timestamp: 1786970753847
- conda: https://conda.anaconda.org/conda-forge/linux-64/libsqlite-3.53.4-h13e7031_1.conda
  sha256: f20d70da54e5b31dd4a51fb1efeaafafd5ab6dd8d7ac9d1438eaa2526ac4ed3d
  md5: e72bbec309c2b0f37823ee7d4fabfcd3
  depends:
  - __glibc >=2.17,<3.0.a0
  - icu >=78.3,<79.0a0
  - libgcc >=15
  - libzlib >=1.3.2,<2.0a0
  license: blessing
  purls: []
  run_exports:
    weak:
    - libsqlite >=3.53.4,<4.0a0
  size: 974348
  timestamp: 1787051145557
- conda: https://conda.anaconda.org/conda-forge/linux-64/libssh2-1.11.1-h6154650_1.conda
  sha256: 7e463000fa1cba3f3a6597b776f6ab301d425a96e3bc20d0d9d76a3b9f237aa3
  md5: 5c526561e1d2a2e071941174eae84557
  depends:
  - __glibc >=2.17,<3.0.a0
  - libgcc >=14
  - libzlib >=1.3.2,<2.0a0
  - openssl >=3.5.7,<4.0a0
  license: BSD-3-Clause
  license_family: BSD
  purls: []
  run_exports:
    weak:
    - libssh2 >=1.11.1,<2.0a0
  size: 306045
  timestamp: 1786713107897
- conda: https://conda.anaconda.org/conda-forge/linux-64/libstdcxx-16.1.0-h934c35e_1.conda
  sha256: 79721dd08aeb0ab9e773f1f9ef41cf4e6c17477e3d72319147619045bce05a09
  md5: aed6cf89adc1e9b846e4367ac538e434
  depends:
  - __glibc >=2.17,<3.0.a0
  - libgcc 16.1.0 ha9f2e26_1
  constrains:
  - libstdcxx-ng ==16.1.0=*_1
  license: GPL-3.0-only WITH GCC-exception-3.1
  license_family: GPL
  purls: []
  run_exports: {}
  size: 6631744
  timestamp: 1785375462643
- conda: https://conda.anaconda.org/conda-forge/linux-64/libuuid-2.42.2-h5347b49_0.conda
  sha256: 9b1bdce27a7e31f7d241aeecff67a1f3101d52a2b1e33ccc2cdf2613072bf81f
  md5: 01bb81d12c957de066ea7362007df642
  depends:
  - libgcc >=14
  - __glibc >=2.17,<3.0.a0
  license: BSD-3-Clause
  license_family: BSD
  purls: []
  run_exports:
    weak:
    - libuuid >=2.42.2,<3.0a0
  size: 40017
  timestamp: 1781625522462
- conda: https://conda.anaconda.org/conda-forge/linux-64/libxcrypt-4.4.38-h280c20c_0.conda
  sha256: f7e9292dd219a6435bbb1223da9586c3e70d66d169c5a92f08db3f2127df04e9
  md5: f7a7ff5a6ab331e037abd34f379a631d
  depends:
  - libgcc >=14
  - __glibc >=2.17,<3.0.a0
  license: LGPL-2.1-or-later
  purls: []
  run_exports:
    weak:
    - libxcrypt >=4.4.38
  size: 101957
  timestamp: 1785887123445
- conda: https://conda.anaconda.org/conda-forge/linux-64/libzlib-1.3.2-h25fd6f3_3.conda
  sha256: eb8a0db0aa570124f7d2a93d7c7f596e3390df5e047818d873baad32985fc736
  md5: 0de0122d9570a8ab637c6b73db268389
  depends:
  - __glibc >=2.17,<3.0.a0
  constrains:
  - zlib 1.3.2 *_3
  license: Zlib
  license_family: Other
  purls: []
  run_exports:
    weak:
    - libzlib >=1.3.2,<2.0a0
  size: 63713
  timestamp: 1785362952714
- conda: https://conda.anaconda.org/conda-forge/linux-64/ncurses-6.6-hdb14827_1.conda
  sha256: 5d46557214ed184381dafe835b7c94a474a1c3b307a08a250b1ea4779b44ffb3
  md5: ee6c0cd80a60961a1f48aa3e0b91f986
  depends:
  - __glibc >=2.17,<3.0.a0
  - libgcc >=14
  license: X11 AND BSD-3-Clause
  purls: []
  run_exports:
    weak:
    - ncurses >=6.6,<7.0a0
  size: 911196
  timestamp: 1786355078102
- conda: https://conda.anaconda.org/conda-forge/linux-64/openssl-3.6.3-h35e630c_1.conda
  sha256: 012096056b97abf1f68c46b7146bd2cbd68c1be762340b4f5dad4fbbe99177bc
  md5: c5955c27917ff2234def47f075e71e02
  depends:
  - __glibc >=2.17,<3.0.a0
  - ca-certificates
  - libgcc >=14
  license: Apache-2.0
  license_family: Apache
  purls: []
  run_exports:
    weak:
    - openssl >=3.6.3,<4.0a0
  size: 3182423
  timestamp: 1785913583650
- conda: https://conda.anaconda.org/conda-forge/linux-64/pcre2-10.47-haa7fec5_0.conda
  sha256: 5e6f7d161356fefd981948bea5139c5aa0436767751a6930cb1ca801ebb113ff
  md5: 7a3bff861a6583f1889021facefc08b1
  depends:
  - __glibc >=2.17,<3.0.a0
  - bzip2 >=1.0.8,<2.0a0
  - libgcc >=14
  - libzlib >=1.3.1,<2.0a0
  license: BSD-3-Clause
  license_family: BSD
  purls: []
  run_exports:
    weak:
    - pcre2 >=10.47,<10.48.0a0
  size: 1222481
  timestamp: 1763655398280
- conda: https://conda.anaconda.org/conda-forge/linux-64/perl-5.32.1-7_hd590300_perl5.conda
  build_number: 7
  sha256: 9ec32b6936b0e37bcb0ed34f22ec3116e75b3c0964f9f50ecea5f58734ed6ce9
  md5: f2cfec9406850991f4e3d960cc9e3321
  depends:
  - libgcc-ng >=12
  - libxcrypt >=4.4.36
  license: GPL-1.0-or-later OR Artistic-1.0-Perl
  purls: []
  run_exports:
    weak:
    - perl >=5.32.1,<5.33.0a0 *_perl5
    noarch:
    - perl >=5.32.1,<6.0a0 *_perl5
  size: 13344463
  timestamp: 1703310653947
- conda: https://conda.anaconda.org/conda-forge/linux-64/python-3.11.15-h8ab3286_2_cpython.conda
  build_number: 2
  sha256: b3c9919295379d106bbfb05c159f51354aec45aa9378205d566f57cc18359557
  md5: 3e7d2d695855c9fb76f559d1a3c6a604
  depends:
  - __glibc >=2.17,<3.0.a0
  - bzip2 >=1.0.8,<2.0a0
  - ld_impl_linux-64 >=2.36.1
  - libexpat >=2.8.1,<3.0a0
  - libffi >=3.7.0,<3.8.0a0
  - libgcc >=14
  - liblzma >=5.8.3,<6.0a0
  - libnsl >=2.0.1,<2.1.0a0
  - libsqlite >=3.53.4,<4.0a0
  - libuuid >=2.42.2,<3.0a0
  - libxcrypt >=4.4.38
  - libzlib >=1.3.2,<2.0a0
  - ncurses >=6.6,<7.0a0
  - openssl >=3.5.7,<4.0a0
  - readline >=8.3,<9.0a0
  - tk >=8.6.13,<8.7.0a0
  - tzdata
  constrains:
  - python_abi 3.11.* *_cp311
  license: Python-2.0
  purls: []
  run_exports:
    weak:
    - python_abi 3.11.* *_cp311
    noarch:
    - python
  size: 30812346
  timestamp: 1786444926862
- conda: https://conda.anaconda.org/conda-forge/linux-64/readline-8.3-hd6e31c0_1.conda
  sha256: 01b3fe073a66e321970d09e04b388708f8cbdca5cdfbfcb7c9eeb470ad10383d
  md5: 69c01c781e7c8190bbdaf79e3848c5ca
  depends:
  - __glibc >=2.17,<3.0.a0
  - libgcc >=15
  - ncurses >=6.6,<7.0a0
  license: GPL-3.0-only
  license_family: GPL
  purls: []
  run_exports:
    weak:
    - readline >=8.3,<9.0a0
  size: 348899
  timestamp: 1787033801506
- conda: https://conda.anaconda.org/conda-forge/linux-64/tk-8.6.13-noxft_hd70dff1_3.conda
  build_number: 103
  sha256: 43624eab22f5f29df7d6ffe914cf442f28fd559b55b290906255492826e636e8
  md5: 48a1049e710857572fc2a832aa394d9f
  depends:
  - __glibc >=2.17,<3.0.a0
  - libgcc >=14
  - libzlib >=1.3.2,<2.0a0
  constrains:
  - xorg-libx11 >=1.8.13,<2.0a0
  license: TCL
  purls: []
  run_exports:
    weak:
    - tk >=8.6.13,<8.7.0a0
  size: 3550916
  timestamp: 1784229071544
- conda: https://conda.anaconda.org/conda-forge/linux-64/zstd-1.5.7-hb78ec9c_7.conda
  sha256: 47d682b9f6d6ec9eb1a6e6c3e75ea6273e899e78fb7fc59f81d39745009fbc60
  md5: aa459086047c0e5e27023ab19f8cb86a
  depends:
  - __glibc >=2.17,<3.0.a0
  - libzlib >=1.3.2,<2.0a0
  license: BSD-3-Clause
  license_family: BSD
  purls: []
  run_exports:
    weak:
    - zstd >=1.5.7,<1.6.0a0
  size: 601301
  timestamp: 1786599621503
- conda: https://conda.anaconda.org/conda-forge/noarch/ca-certificates-2026.7.22-hbd8a1cb_0.conda
  sha256: 0a0544cf95f64394fe4959286f5c71f5444ad58feb0602e53becb27448d24da6
  md5: 0f51e2391ade309db462a55611263e9c
  depends:
  - __unix
  license: ISC
  purls: []
  run_exports: {}
  size: 131780
  timestamp: 1784754889428
- conda: https://conda.anaconda.org/conda-forge/noarch/tzdata-2026c-h151e31d_0.conda
  sha256: b928c30ddcb0e3f544c6eade8352737e6e610e263276b90232db6a578ef899d8
  md5: fcb489df604d100968b737f2cb6076c6
  license: LicenseRef-Public-Domain
  purls: []
  run_exports: {}
  size: 118849
  timestamp: 1784250406640
- pypi: https://files.pythonhosted.org/packages/04/4b/29cac41a4d98d144bf5f6d33995617b185d14b22401f75ca86f384e87ff1/h11-0.16.0-py3-none-any.whl
  name: h11
  version: 0.16.0
  sha256: 63cf8bbe7522de3bf65932fda1d9c2772064ffb3dae62d55932da54b31cb6c86
  requires_python: '>=3.8'
- pypi: https://files.pythonhosted.org/packages/07/bc/587a445451b253b285629263eb51c2d8e9bcea4fc97826266d186f96f558/pyserial-3.5-py2.py3-none-any.whl
  name: pyserial
  version: '3.5'
  sha256: c4451db6ba391ca6ca299fb3ec7bae67a5c55dde170964c7a14ceefec02f2cf0
  requires_dist:
  - hidapi ; extra == 'cp2110'
- pypi: https://files.pythonhosted.org/packages/0b/a7/71ac2cff56fec219ed242bb11b8efb69fcc4bec75db06fb7bfe35de520e6/certifi-2026.7.22-py3-none-any.whl
  name: certifi
  version: 2026.7.22
  sha256: 62f22742b58a1a33014a2b6b706588a8d7e2a88ae7bd1a6ebe8c992928483775
  requires_python: '>=3.7'
- pypi: https://files.pythonhosted.org/packages/0d/35/731ac04aa0a097fc1c97f0994c375bdb230c6c96619db794208fe664e9ce/charset_normalizer-3.5.1-cp311-cp311-manylinux2014_x86_64.manylinux_2_17_x86_64.manylinux_2_28_x86_64.whl
  name: charset-normalizer
  version: 3.5.1
  sha256: c7b742bf31c88566b4bb6335a7f393bb322e580b6bb98df7bd0c25e6e3519ce8
  requires_python: '>=3.7'
- pypi: https://files.pythonhosted.org/packages/3d/d8/2083a1daa7439a66f3a48589a57d576aa117726762618f6bb09fe3798796/uvicorn-0.40.0-py3-none-any.whl
  name: uvicorn
  version: 0.40.0
  sha256: c6c8f55bc8bf13eb6fa9ff87ad62308bbbc33d0b67f84293151efe87e0d5f2ee
  requires_dist:
  - click>=7.0
  - h11>=0.8
  - typing-extensions>=4.0 ; python_full_version < '3.11'
  - colorama>=0.4 ; sys_platform == 'win32' and extra == 'standard'
  - httptools>=0.6.3 ; extra == 'standard'
  - python-dotenv>=0.13 ; extra == 'standard'
  - pyyaml>=5.1 ; extra == 'standard'
  - uvloop>=0.15.1 ; platform_python_implementation != 'PyPy' and sys_platform != 'cygwin' and sys_platform != 'win32' and extra == 'standard'
  - watchfiles>=0.13 ; extra == 'standard'
  - websockets>=10.4 ; extra == 'standard'
  requires_python: '>=3.10'
- pypi: https://files.pythonhosted.org/packages/46/2a/f9697576603dae937727827505a6126a066affb227034e77e6f9068910da/pyelftools-0.33-py3-none-any.whl
  name: pyelftools
  version: '0.33'
  sha256: f215ad5f47d3f1373a21496a6c9e0707c622840d0622f23ff7ce08678b020036
  requires_python: '>=3.10'
- pypi: https://files.pythonhosted.org/packages/49/d3/b8441a820a491ddfc024b0b0cf0393375b75ea13866d9c66727e54c2fc80/typing_extensions-4.16.0-py3-none-any.whl
  name: typing-extensions
  version: 4.16.0
  sha256: 481caa481374e813c1b176ada14e97f1f67a4539ce9cfeb3f350d78d6370c2e8
  requires_python: '>=3.9'
- pypi: https://files.pythonhosted.org/packages/57/b0/0e52c878c53f245edd3a11020f20979b3f490f245af532c7cae3027754b5/idna-3.19-py3-none-any.whl
  name: idna
  version: '3.19'
  sha256: 815e7be7a7806d54abb586dc943addc79e8b2ee16915059658cbeff4b1b43bf4
  requires_dist:
  - ruff>=0.16.0 ; extra == 'all'
  - mypy>=1.11.2 ; extra == 'all'
  - ty>=0.0.37 ; extra == 'all'
  - pytest>=8.3.2 ; extra == 'all'
  - hypothesis>=6.141.1 ; extra == 'all'
  - coverage>=7.10.0 ; extra == 'all'
  requires_python: '>=3.9'
- pypi: https://files.pythonhosted.org/packages/63/34/ba1c580383c9eada3711951fef0795c80b829a078d72188184bcab9dd527/packaging-26.3-py3-none-any.whl
  name: packaging
  version: '26.3'
  sha256: d7193f7c8e4e93f444fde0262bf90af30e16fa0ad0ad44cb553c87339b23cd1c
  requires_python: '>=3.9'
- pypi: https://files.pythonhosted.org/packages/6a/23/8146aad7d88f4fcb3a6218f41a60f6c2d4e3a72de72da1825dc7c8f7877c/semantic_version-2.10.0-py2.py3-none-any.whl
  name: semantic-version
  version: 2.10.0
  sha256: de78a3b8e0feda74cabc54aab2da702113e33ac9d9eb9d2389bcf1f58b7d9177
  requires_dist:
  - django>=1.11 ; extra == 'dev'
  - nose2 ; extra == 'dev'
  - tox ; extra == 'dev'
  - check-manifest ; extra == 'dev'
  - coverage ; extra == 'dev'
  - flake8 ; extra == 'dev'
  - wheel ; extra == 'dev'
  - zest-releaser[recommended] ; extra == 'dev'
  - readme-renderer<25.0 ; python_full_version == '3.4.*' and extra == 'dev'
  - colorama<=0.4.1 ; python_full_version == '3.4.*' and extra == 'dev'
  - sphinx ; extra == 'doc'
  - sphinx-rtd-theme ; extra == 'doc'
  requires_python: '>=2.7'
- pypi: https://files.pythonhosted.org/packages/7f/3e/5db95bcf282c52709639744ca2a8b149baccf648e39c8cc87553df9eae0c/urllib3-2.7.0-py3-none-any.whl
  name: urllib3
  version: 2.7.0
  sha256: 9fb4c81ebbb1ce9531cce37674bbc6f1360472bc18ca9a553ede278ef7276897
  requires_dist:
  - brotli>=1.2.0 ; platform_python_implementation == 'CPython' and extra == 'brotli'
  - brotlicffi>=1.2.0.0 ; platform_python_implementation != 'CPython' and extra == 'brotli'
  - h2>=4,<5 ; extra == 'h2'
  - pysocks>=1.5.6,!=1.5.7,<2.0 ; extra == 'socks'
  - backports-zstd>=1.0.0 ; python_full_version < '3.14' and extra == 'zstd'
  requires_python: '>=3.10'
- pypi: https://files.pythonhosted.org/packages/81/0d/13d1d239a25cbfb19e740db83143e95c772a1fe10202dda4b76792b114dd/starlette-0.52.1-py3-none-any.whl
  name: starlette
  version: 0.52.1
  sha256: 0029d43eb3d273bc4f83a08720b4912ea4b071087a3b48db01b7c839f7954d74
  requires_dist:
  - anyio>=3.6.2,<5
  - typing-extensions>=4.10.0 ; python_full_version < '3.13'
  - httpx>=0.27.0,<0.29.0 ; extra == 'full'
  - itsdangerous ; extra == 'full'
  - jinja2 ; extra == 'full'
  - python-multipart>=0.0.18 ; extra == 'full'
  - pyyaml ; extra == 'full'
  requires_python: '>=3.10'
- pypi: https://files.pythonhosted.org/packages/83/f6/b55ec74cfe68c6584163faa311503c20b0da4c09883a41e8e00d6726c954/bottle-0.13.4-py2.py3-none-any.whl
  name: bottle
  version: 0.13.4
  sha256: 045684fbd2764eac9cdeb824861d1551d113e8b683d8d26e296898d3dd99a12e
- pypi: https://files.pythonhosted.org/packages/99/55/db07de81b5c630da5cbf5c7df646580ca26dfaefa593667fc6f2fe016d2e/tabulate-0.10.0-py3-none-any.whl
  name: tabulate
  version: 0.10.0
  sha256: f0b0622e567335c8fabaaa659f1b33bcb6ddfe2e496071b743aa113f8774f2d3
  requires_dist:
  - wcwidth ; extra == 'widechars'
  requires_python: '>=3.10'
- pypi: https://files.pythonhosted.org/packages/a0/f4/c67b0b3f1b9245e8d266f0f112c500d50e5b4e83cb6f3b71b6528104182a/requests-2.34.2-py3-none-any.whl
  name: requests
  version: 2.34.2
  sha256: 2a0d60c172f83ac6ab31e4554906c0f3b3588d37b5cb939b1c061f4907e278e0
  requires_dist:
  - charset-normalizer>=2,<4
  - idna>=2.5,<4
  - urllib3>=1.26,<3
  - certifi>=2023.5.7
  - pysocks>=1.5.6,!=1.5.7 ; extra == 'socks'
  - chardet>=3.0.2,<8 ; extra == 'use-chardet-on-py3'
  requires_python: '>=3.10'
- pypi: https://files.pythonhosted.org/packages/a4/f5/10b68b7b1544245097b2a1b8238f66f2fc6dcaeb24ba5d917f52bd2eed4f/wsproto-1.3.2-py3-none-any.whl
  name: wsproto
  version: 1.3.2
  sha256: 61eea322cdf56e8cc904bd3ad7573359a242ba65688716b0710a5eb12beab584
  requires_dist:
  - h11>=0.16.0,<1
  requires_python: '>=3.10'
- pypi: https://files.pythonhosted.org/packages/ae/44/c1221527f6a71a01ec6fbad7fa78f1d50dfa02217385cf0fa3eec7087d59/click-8.3.3-py3-none-any.whl
  name: click
  version: 8.3.3
  sha256: a2bf429bb3033c89fa4936ffb35d5cb471e3719e1f3c8a7c3fff0b8314305613
  requires_dist:
  - colorama ; sys_platform == 'win32'
  requires_python: '>=3.10'
- pypi: https://files.pythonhosted.org/packages/be/2f/5108cb3ee4ba6501748c4908b908e55f42a5b66245b4cfe0c99326e1ef6e/marshmallow-3.26.2-py3-none-any.whl
  name: marshmallow
  version: 3.26.2
  sha256: 013fa8a3c4c276c24d26d84ce934dc964e2aa794345a0f8c7e5a7191482c8a73
  requires_dist:
  - packaging>=17.0
  - marshmallow[tests] ; extra == 'dev'
  - tox ; extra == 'dev'
  - pre-commit>=3.5,<5.0 ; extra == 'dev'
  - autodocsumm==0.2.14 ; extra == 'docs'
  - furo==2024.8.6 ; extra == 'docs'
  - sphinx-copybutton==0.5.2 ; extra == 'docs'
  - sphinx-issues==5.0.0 ; extra == 'docs'
  - sphinx==8.1.3 ; extra == 'docs'
  - sphinxext-opengraph==0.9.1 ; extra == 'docs'
  - pytest ; extra == 'tests'
  - simplejson ; extra == 'tests'
  requires_python: '>=3.9'
- pypi: https://files.pythonhosted.org/packages/cf/15/ecb78457241aef59977cafe52b521ed99c7f42e78016d55bbaa953a2b6ae/platformio-6.1.19-py3-none-any.whl
  name: platformio
  version: 6.1.19
  sha256: 4f93b00cf2759035d76ebece4840a3274096f7343ee5bba56cbc0bc3ce2eb6f5
  requires_dist:
  - bottle==0.13.*
  - click>=8.0.4,<8.4
  - colorama
  - marshmallow==3.*
  - pyelftools>=0.27,<1
  - pyserial==3.5.*
  - requests==2.*
  - semantic-version==2.10.*
  - tabulate==0.*
  - ajsonrpc==1.2.*
  - starlette>=0.19,<0.53
  - uvicorn>=0.16,<0.41
  - wsproto==1.*
  - chardet>=3.0.2,<6 ; sys_platform == 'darwin' and 'arm' in platform_machine
  requires_python: '>=3.6'
- pypi: https://files.pythonhosted.org/packages/cf/6f/6abff7fe6813e6f94129a50c8c70bf70fb33ed2515b1037e703cef6d7a7e/ajsonrpc-1.2.0-py3-none-any.whl
  name: ajsonrpc
  version: 1.2.0
  sha256: 0fa2c1cf8e619d18ffee96043822032d6520eda65d3b712f9540a3a63e9cac25
  requires_python: '>=3.5'
- pypi: https://files.pythonhosted.org/packages/d1/d6/3965ed04c63042e047cb6a3e6ed1a63a35087b6a609aa3a15ed8ac56c221/colorama-0.4.6-py2.py3-none-any.whl
  name: colorama
  version: 0.4.6
  sha256: 4f1d9991f5acc0ca119f9d443620b77f9d6b33703e51011c16baf57afb285fc6
  requires_python: '>=2.7,!=3.0.*,!=3.1.*,!=3.2.*,!=3.3.*,!=3.4.*,!=3.5.*,!=3.6.*'
- pypi: https://files.pythonhosted.org/packages/da/35/f2287558c17e29fafc8ef3daf819bb9834061cfa43bff8014f7df7f63bdc/anyio-4.14.2-py3-none-any.whl
  name: anyio
  version: 4.14.2
  sha256: 9f505dda5ac9f0c8309b5e8bd445a8c2bf7246f3ce950121e45ea15bc41d1494
  requires_dist:
  - exceptiongroup>=1.0.2 ; python_full_version < '3.11'
  - idna>=2.8
  - typing-extensions>=4.5 ; python_full_version < '3.13'
  - trio>=0.32.0 ; extra == 'trio'
  requires_python: '>=3.10'
